
Microsoft Visual Studio Solution File, Format Version 12.00
# Visual Studio Version 17
VisualStudioVersion = 17.0.31903.59
MinimumVisualStudioVersion = 10.0.40219.1
Project("{FAE04EC0-301F-11D3-BF4B-00C04F79EFBC}") = "Web-Project", "Web-Project\Web-Project.csproj", "{9B8311C5-6877-4C0E-BDF1-2C9DABF4944E}"
EndProject
Global
	GlobalSection(SolutionConfigurationPlatforms) = preSolution
		Debug|Any CPU = Debug|Any CPU
		Release|Any CPU = Release|Any CPU
	EndGlobalSection
	GlobalSection(ProjectConfigurationPlatforms) = postSolution
		{9B8311C5-6877-4C0E-BDF1-2C9DABF4944E}.Debug|Any CPU.ActiveCfg = Debug|Any CPU
		{9B8311C5-6877-4C0E-BDF1-2C9DABF4944E}.Debug|Any CPU.Build.0 = Debug|Any CPU
		{9B8311C5-6877-4C0E-BDF1-2C9DABF4944E}.Release|Any CPU.ActiveCfg = Release|Any CPU
		{9B8311C5-6877-4C0E-BDF1-2C9DABF4944E}.Release|Any CPU.Build.0 = Release|Any CPU
	EndGlobalSection
	GlobalSection(SolutionProperties) = preSolution
		HideSolutionNode = FALSE
	EndGlobalSection
	GlobalSection(ExtensibilityGlobals) = postSolution
		SolutionGuid = {2D84BB53-8631-4E50-A6CF-E987B58421CB}
	EndGlobalSection
EndGlobal
